
Microsoft Visual Studio Solution File, Format Version 12.00
# Visual Studio Version 17
VisualStudioVersion = 17.2.32602.215
MinimumVisualStudioVersion = 10.0.40219.1
Project("{FAE04EC0-301F-11D3-BF4B-00C04F79EFBC}") = "AgenteInteligenteLinkMasterSword", "AgenteInteligenteLinkMasterSword\AgenteInteligenteLinkMasterSword.csproj", "{C5FD1010-B08F-4399-B232-89B60C38A737}"
EndProject
Global
	GlobalSection(SolutionConfigurationPlatforms) = preSolution
		Debug|Any CPU = Debug|Any CPU
		Release|Any CPU = Release|Any CPU
	EndGlobalSection
	GlobalSection(ProjectConfigurationPlatforms) = postSolution
		{C5FD1010-B08F-4399-B232-89B60C38A737}.Debug|Any CPU.ActiveCfg = Debug|Any CPU
		{C5FD1010-B08F-4399-B232-89B60C38A737}.Debug|Any CPU.Build.0 = Debug|Any CPU
		{C5FD1010-B08F-4399-B232-89B60C38A737}.Release|Any CPU.ActiveCfg = Release|Any CPU
		{C5FD1010-B08F-4399-B232-89B60C38A737}.Release|Any CPU.Build.0 = Release|Any CPU
	EndGlobalSection
	GlobalSection(SolutionProperties) = preSolution
		HideSolutionNode = FALSE
	EndGlobalSection
	GlobalSection(ExtensibilityGlobals) = postSolution
		SolutionGuid = {71F15532-AAE5-4F37-B278-C20B441CF095}
	EndGlobalSection
EndGlobal
